// !$*UTF8*$!
{ archiveVersion = 1; classes = {}; objectVersion = 56; objects = {
5D34A48A2FC44E81F8B06AEB = { isa = PBXFileReference; lastKnownFileType = sourcecode.swift; path = "App/Capture/CaptureService.swift"; sourceTree = SOURCE_ROOT; };
807F1A65F7A7AF64E4B0969F = { isa = PBXBuildFile; fileRef = 5D34A48A2FC44E81F8B06AEB; };
05EBCB8CB3B74DB6D0DFBF7B = { isa = PBXFileReference; lastKnownFileType = sourcecode.swift; path = "App/Capture/RecordingWriter.swift"; sourceTree = SOURCE_ROOT; };
6A571C2581978181B87B1473 = { isa = PBXBuildFile; fileRef = 05EBCB8CB3B74DB6D0DFBF7B; };
E20A0FB99B7A4967576D478B = { isa = PBXFileReference; lastKnownFileType = sourcecode.swift; path = "App/MotionCamApp.swift"; sourceTree = SOURCE_ROOT; };
3828725157D70EA670CE8661 = { isa = PBXBuildFile; fileRef = E20A0FB99B7A4967576D478B; };
FEC3CC6BB17AC78B380804AF = { isa = PBXFileReference; lastKnownFileType = sourcecode.swift; path = "App/Views/CameraView.swift"; sourceTree = SOURCE_ROOT; };
FE2728381FC441FEE77AA9CA = { isa = PBXBuildFile; fileRef = FEC3CC6BB17AC78B380804AF; };
92C5C8F72ABA93C463951DB2 = { isa = PBXFileReference; lastKnownFileType = sourcecode.swift; path = "App/Views/RecordingLibraryView.swift"; sourceTree = SOURCE_ROOT; };
892E5AF264AB8E45B7893E61 = { isa = PBXBuildFile; fileRef = 92C5C8F72ABA93C463951DB2; };
015596A34A05F68DB89B24F0 = { isa = PBXFileReference; lastKnownFileType = sourcecode.swift; path = "Sources/CaptureCore/RecordingContract.swift"; sourceTree = SOURCE_ROOT; };
822F2251013683840C162E49 = { isa = PBXBuildFile; fileRef = 015596A34A05F68DB89B24F0; };
A8792157CB4F27FB949C035F = { isa = PBXFileReference; explicitFileType = wrapper.application; path = MotionCam.app; sourceTree = BUILT_PRODUCTS_DIR; };
0A3E27B8CA818264D75C8D81 = { isa = PBXGroup; children = (A8792157CB4F27FB949C035F,); name = Products; sourceTree = "<group>"; };
AD936FCBED631FA67E05C3EA = { isa = PBXGroup; children = (5D34A48A2FC44E81F8B06AEB,05EBCB8CB3B74DB6D0DFBF7B,E20A0FB99B7A4967576D478B,FEC3CC6BB17AC78B380804AF,92C5C8F72ABA93C463951DB2,015596A34A05F68DB89B24F0,0A3E27B8CA818264D75C8D81,); sourceTree = "<group>"; };
878A52FC5FF6A57D50B7B870 = { isa = PBXSourcesBuildPhase; buildActionMask = 2147483647; files = (807F1A65F7A7AF64E4B0969F,6A571C2581978181B87B1473,3828725157D70EA670CE8661,FE2728381FC441FEE77AA9CA,892E5AF264AB8E45B7893E61,822F2251013683840C162E49,); runOnlyForDeploymentPostprocessing = 0; };
E2AA269EB967A8853A258BFA = { isa = PBXFrameworksBuildPhase; buildActionMask = 2147483647; files = (); runOnlyForDeploymentPostprocessing = 0; };
41D311A605520FC7B8B9A980 = { isa = PBXResourcesBuildPhase; buildActionMask = 2147483647; files = (); runOnlyForDeploymentPostprocessing = 0; };
73EBF6644258C120893E685D = { isa = XCBuildConfiguration; buildSettings = { SDKROOT = "iphoneos"; IPHONEOS_DEPLOYMENT_TARGET = "17.0"; CLANG_ENABLE_MODULES = "YES"; SWIFT_VERSION = "5.0"; SWIFT_STRICT_CONCURRENCY = "targeted"; ENABLE_USER_SCRIPT_SANDBOXING = "YES"; SWIFT_OPTIMIZATION_LEVEL = "-Onone"; SWIFT_ACTIVE_COMPILATION_CONDITIONS = "DEBUG"; ENABLE_TESTABILITY = "YES"; DEBUG_INFORMATION_FORMAT = "dwarf"; }; name = Debug; };
B00CCDD09424E369308D67FA = { isa = XCBuildConfiguration; buildSettings = { PRODUCT_NAME = "$(TARGET_NAME)"; PRODUCT_BUNDLE_IDENTIFIER = "com.grape.MotionCam"; INFOPLIST_FILE = "App/Resources/Info.plist"; GENERATE_INFOPLIST_FILE = "NO"; TARGETED_DEVICE_FAMILY = "1"; SUPPORTED_PLATFORMS = "iphoneos iphonesimulator"; SUPPORTS_MACCATALYST = "NO"; SUPPORTS_MAC_DESIGNED_FOR_IPHONE_IPAD = "NO"; MARKETING_VERSION = "0.1.0"; CURRENT_PROJECT_VERSION = "1"; CODE_SIGN_STYLE = "Automatic"; DEVELOPMENT_TEAM = "F2LVFHW3ZH"; LD_RUNPATH_SEARCH_PATHS = "$(inherited) @executable_path/Frameworks"; }; name = Debug; };
0B0C687DF8B6B8DC790B519C = { isa = XCBuildConfiguration; buildSettings = { SDKROOT = "iphoneos"; IPHONEOS_DEPLOYMENT_TARGET = "17.0"; CLANG_ENABLE_MODULES = "YES"; SWIFT_VERSION = "5.0"; SWIFT_STRICT_CONCURRENCY = "targeted"; ENABLE_USER_SCRIPT_SANDBOXING = "YES"; SWIFT_OPTIMIZATION_LEVEL = "-O"; SWIFT_COMPILATION_MODE = "wholemodule"; DEBUG_INFORMATION_FORMAT = "dwarf-with-dsym"; }; name = Release; };
1B104479E55E37CF8A63CBDF = { isa = XCBuildConfiguration; buildSettings = { PRODUCT_NAME = "$(TARGET_NAME)"; PRODUCT_BUNDLE_IDENTIFIER = "com.grape.MotionCam"; INFOPLIST_FILE = "App/Resources/Info.plist"; GENERATE_INFOPLIST_FILE = "NO"; TARGETED_DEVICE_FAMILY = "1"; SUPPORTED_PLATFORMS = "iphoneos iphonesimulator"; SUPPORTS_MACCATALYST = "NO"; SUPPORTS_MAC_DESIGNED_FOR_IPHONE_IPAD = "NO"; MARKETING_VERSION = "0.1.0"; CURRENT_PROJECT_VERSION = "1"; CODE_SIGN_STYLE = "Automatic"; DEVELOPMENT_TEAM = "F2LVFHW3ZH"; LD_RUNPATH_SEARCH_PATHS = "$(inherited) @executable_path/Frameworks"; }; name = Release; };
76F8DEC3DFE0BDB465198890 = { isa = XCConfigurationList; buildConfigurations = (73EBF6644258C120893E685D,0B0C687DF8B6B8DC790B519C,); defaultConfigurationIsVisible = 0; defaultConfigurationName = Release; };
06CB67C35A91E16DBD17B949 = { isa = XCConfigurationList; buildConfigurations = (B00CCDD09424E369308D67FA,1B104479E55E37CF8A63CBDF,); defaultConfigurationIsVisible = 0; defaultConfigurationName = Release; };
34A04005BCAF206EEC990BD9 = { isa = PBXNativeTarget; buildConfigurationList = 06CB67C35A91E16DBD17B949; buildPhases = (878A52FC5FF6A57D50B7B870,E2AA269EB967A8853A258BFA,41D311A605520FC7B8B9A980,); buildRules = (); dependencies = (); name = MotionCam; productName = MotionCam; productReference = A8792157CB4F27FB949C035F; productType = "com.apple.product-type.application"; };
244210E48437B6556980A702 = { isa = PBXProject; attributes = { LastUpgradeCheck = 2630; }; buildConfigurationList = 76F8DEC3DFE0BDB465198890; compatibilityVersion = "Xcode 14.0"; developmentRegion = en; knownRegions = (en, Base, "zh-Hans",); mainGroup = AD936FCBED631FA67E05C3EA; productRefGroup = 0A3E27B8CA818264D75C8D81; projectDirPath = ""; projectRoot = ""; targets = (34A04005BCAF206EEC990BD9,); };
}; rootObject = 244210E48437B6556980A702; }
