// !$*UTF8*$!
{ archiveVersion = 1; classes = {}; objectVersion = 56; objects = {
73545D186D72A4050A8F6AC0 = { isa = PBXFileReference; lastKnownFileType = sourcecode.swift; path = "App/Capture/CaptureBufferCopier.swift"; sourceTree = SOURCE_ROOT; };
7FBAF15DC5BB70154F817C6F = { isa = PBXBuildFile; fileRef = 73545D186D72A4050A8F6AC0; };
5D34A48A2FC44E81F8B06AEB = { isa = PBXFileReference; lastKnownFileType = sourcecode.swift; path = "App/Capture/CaptureService.swift"; sourceTree = SOURCE_ROOT; };
807F1A65F7A7AF64E4B0969F = { isa = PBXBuildFile; fileRef = 5D34A48A2FC44E81F8B06AEB; };
05EBCB8CB3B74DB6D0DFBF7B = { isa = PBXFileReference; lastKnownFileType = sourcecode.swift; path = "App/Capture/RecordingWriter.swift"; sourceTree = SOURCE_ROOT; };
6A571C2581978181B87B1473 = { isa = PBXBuildFile; fileRef = 05EBCB8CB3B74DB6D0DFBF7B; };
E20A0FB99B7A4967576D478B = { isa = PBXFileReference; lastKnownFileType = sourcecode.swift; path = "App/MotionCamApp.swift"; sourceTree = SOURCE_ROOT; };
3828725157D70EA670CE8661 = { isa = PBXBuildFile; fileRef = E20A0FB99B7A4967576D478B; };
3BDE42C834A6A4EEFBC55490 = { isa = PBXFileReference; lastKnownFileType = sourcecode.swift; path = "App/Stabilization/MetalStabilizer.swift"; sourceTree = SOURCE_ROOT; };
A55BE68CDBAFF27DF3A3F961 = { isa = PBXBuildFile; fileRef = 3BDE42C834A6A4EEFBC55490; };
F9BD4220C21748F0726BEE24 = { isa = PBXFileReference; lastKnownFileType = sourcecode.swift; path = "App/Stabilization/StabilizationJobs.swift"; sourceTree = SOURCE_ROOT; };
24048973FE73EA43FF886C6B = { isa = PBXBuildFile; fileRef = F9BD4220C21748F0726BEE24; };
CA2D822343C7221A81393803 = { isa = PBXFileReference; lastKnownFileType = sourcecode.swift; path = "App/Stabilization/StabilizationProcessor.swift"; sourceTree = SOURCE_ROOT; };
83B5F0EC3FF1FE426B7AC867 = { isa = PBXBuildFile; fileRef = CA2D822343C7221A81393803; };
EDAE3D720527EDE495BA9A74 = { isa = PBXFileReference; lastKnownFileType = sourcecode.metal; path = "App/Stabilization/Stabilize.metal"; sourceTree = SOURCE_ROOT; };
99E9649F1B8C411EDBFE63F4 = { isa = PBXBuildFile; fileRef = EDAE3D720527EDE495BA9A74; };
F2C2F4AF2C16108EDCCB11BC = { isa = PBXFileReference; lastKnownFileType = sourcecode.swift; path = "App/Views/AppTheme.swift"; sourceTree = SOURCE_ROOT; };
1D64CE70A233870DBCE644FF = { isa = PBXBuildFile; fileRef = F2C2F4AF2C16108EDCCB11BC; };
FEC3CC6BB17AC78B380804AF = { isa = PBXFileReference; lastKnownFileType = sourcecode.swift; path = "App/Views/CameraView.swift"; sourceTree = SOURCE_ROOT; };
FE2728381FC441FEE77AA9CA = { isa = PBXBuildFile; fileRef = FEC3CC6BB17AC78B380804AF; };
3DB2EE29C66808F1A9FDD51A = { isa = PBXFileReference; lastKnownFileType = sourcecode.swift; path = "App/Views/CameraZoomControls.swift"; sourceTree = SOURCE_ROOT; };
FE928684E64A75A14FFA308E = { isa = PBXBuildFile; fileRef = 3DB2EE29C66808F1A9FDD51A; };
DFCEB57F53E4F737CADE7AF7 = { isa = PBXFileReference; lastKnownFileType = sourcecode.swift; path = "App/Views/ClipPreviewView.swift"; sourceTree = SOURCE_ROOT; };
92DD5EFC5BFAD0BD38FB441C = { isa = PBXBuildFile; fileRef = DFCEB57F53E4F737CADE7AF7; };
BE66D3AA9F9A2B84558A0CE7 = { isa = PBXFileReference; lastKnownFileType = sourcecode.swift; path = "App/Views/LicenseNoticesView.swift"; sourceTree = SOURCE_ROOT; };
7273567EA56EFF03351E0B3B = { isa = PBXBuildFile; fileRef = BE66D3AA9F9A2B84558A0CE7; };
9FFA17022A2B8C2AA2456A62 = { isa = PBXFileReference; lastKnownFileType = sourcecode.swift; path = "App/Views/RecordingLibraryModel.swift"; sourceTree = SOURCE_ROOT; };
7FFBB3F4D77CD05479D5EFD9 = { isa = PBXBuildFile; fileRef = 9FFA17022A2B8C2AA2456A62; };
92C5C8F72ABA93C463951DB2 = { isa = PBXFileReference; lastKnownFileType = sourcecode.swift; path = "App/Views/RecordingLibraryView.swift"; sourceTree = SOURCE_ROOT; };
892E5AF264AB8E45B7893E61 = { isa = PBXBuildFile; fileRef = 92C5C8F72ABA93C463951DB2; };
B0403A7F7C925738CAAD56F8 = { isa = PBXFileReference; lastKnownFileType = sourcecode.swift; path = "App/Views/StabilizationSettingsView.swift"; sourceTree = SOURCE_ROOT; };
CDD3C11B4DEE413221C5D04B = { isa = PBXBuildFile; fileRef = B0403A7F7C925738CAAD56F8; };
A62A11A92B6D74B6549E101E = { isa = PBXFileReference; lastKnownFileType = sourcecode.swift; path = "Sources/CaptureCore/CaptureExposurePolicy.swift"; sourceTree = SOURCE_ROOT; };
309C32197FDAC3CF0F167EB2 = { isa = PBXBuildFile; fileRef = A62A11A92B6D74B6549E101E; };
44ECCD736D646A555005C914 = { isa = PBXFileReference; lastKnownFileType = sourcecode.swift; path = "Sources/CaptureCore/CaptureFormat.swift"; sourceTree = SOURCE_ROOT; };
B75B5BE3E62E0AF06EAF0844 = { isa = PBXBuildFile; fileRef = 44ECCD736D646A555005C914; };
1036CF4BBF8A0CBC502933FC = { isa = PBXFileReference; lastKnownFileType = sourcecode.swift; path = "Sources/CaptureCore/CaptureZoom.swift"; sourceTree = SOURCE_ROOT; };
28865747F00880A0CA3B5F15 = { isa = PBXBuildFile; fileRef = 1036CF4BBF8A0CBC502933FC; };
015596A34A05F68DB89B24F0 = { isa = PBXFileReference; lastKnownFileType = sourcecode.swift; path = "Sources/CaptureCore/RecordingContract.swift"; sourceTree = SOURCE_ROOT; };
822F2251013683840C162E49 = { isa = PBXBuildFile; fileRef = 015596A34A05F68DB89B24F0; };
B744E3F79935DDC222600E39 = { isa = PBXFileReference; lastKnownFileType = sourcecode.swift; path = "Sources/CaptureCore/RecordingStorage.swift"; sourceTree = SOURCE_ROOT; };
31C03C6A351CE24C769D2090 = { isa = PBXBuildFile; fileRef = B744E3F79935DDC222600E39; };
429345B12F1A5EE8F789E558 = { isa = PBXFileReference; lastKnownFileType = sourcecode.swift; path = "Sources/CaptureCore/StabilizationInput.swift"; sourceTree = SOURCE_ROOT; };
21C9766B5DFB040D3A0F429E = { isa = PBXBuildFile; fileRef = 429345B12F1A5EE8F789E558; };
4549D240A12490FE8361C155 = { isa = PBXFileReference; lastKnownFileType = sourcecode.swift; path = "Sources/CaptureCore/StabilizationOptions.swift"; sourceTree = SOURCE_ROOT; };
9CDEE57C7746AF375AA42E29 = { isa = PBXBuildFile; fileRef = 4549D240A12490FE8361C155; };
BD84DAF23E7F5FEBD0301663 = { isa = PBXFileReference; lastKnownFileType = text; path = "LICENSE"; sourceTree = SOURCE_ROOT; };
F616EC026A9388933F110D25 = { isa = PBXBuildFile; fileRef = BD84DAF23E7F5FEBD0301663; };
4DF8E45C8AA72EA2D3B3549A = { isa = PBXFileReference; lastKnownFileType = text; path = "THIRD_PARTY_NOTICES.md"; sourceTree = SOURCE_ROOT; };
0668FA20CB7145DC49A06703 = { isa = PBXBuildFile; fileRef = 4DF8E45C8AA72EA2D3B3549A; };
A8792157CB4F27FB949C035F = { isa = PBXFileReference; explicitFileType = wrapper.application; path = MotionCam.app; sourceTree = BUILT_PRODUCTS_DIR; };
0A3E27B8CA818264D75C8D81 = { isa = PBXGroup; children = (A8792157CB4F27FB949C035F,); name = Products; sourceTree = "<group>"; };
AD936FCBED631FA67E05C3EA = { isa = PBXGroup; children = (73545D186D72A4050A8F6AC0,5D34A48A2FC44E81F8B06AEB,05EBCB8CB3B74DB6D0DFBF7B,E20A0FB99B7A4967576D478B,3BDE42C834A6A4EEFBC55490,F9BD4220C21748F0726BEE24,CA2D822343C7221A81393803,EDAE3D720527EDE495BA9A74,F2C2F4AF2C16108EDCCB11BC,FEC3CC6BB17AC78B380804AF,3DB2EE29C66808F1A9FDD51A,DFCEB57F53E4F737CADE7AF7,BE66D3AA9F9A2B84558A0CE7,9FFA17022A2B8C2AA2456A62,92C5C8F72ABA93C463951DB2,B0403A7F7C925738CAAD56F8,A62A11A92B6D74B6549E101E,44ECCD736D646A555005C914,1036CF4BBF8A0CBC502933FC,015596A34A05F68DB89B24F0,B744E3F79935DDC222600E39,429345B12F1A5EE8F789E558,4549D240A12490FE8361C155,BD84DAF23E7F5FEBD0301663,4DF8E45C8AA72EA2D3B3549A,0A3E27B8CA818264D75C8D81,); sourceTree = "<group>"; };
878A52FC5FF6A57D50B7B870 = { isa = PBXSourcesBuildPhase; buildActionMask = 2147483647; files = (7FBAF15DC5BB70154F817C6F,807F1A65F7A7AF64E4B0969F,6A571C2581978181B87B1473,3828725157D70EA670CE8661,A55BE68CDBAFF27DF3A3F961,24048973FE73EA43FF886C6B,83B5F0EC3FF1FE426B7AC867,99E9649F1B8C411EDBFE63F4,1D64CE70A233870DBCE644FF,FE2728381FC441FEE77AA9CA,FE928684E64A75A14FFA308E,92DD5EFC5BFAD0BD38FB441C,7273567EA56EFF03351E0B3B,7FFBB3F4D77CD05479D5EFD9,892E5AF264AB8E45B7893E61,CDD3C11B4DEE413221C5D04B,309C32197FDAC3CF0F167EB2,B75B5BE3E62E0AF06EAF0844,28865747F00880A0CA3B5F15,822F2251013683840C162E49,31C03C6A351CE24C769D2090,21C9766B5DFB040D3A0F429E,9CDEE57C7746AF375AA42E29,); runOnlyForDeploymentPostprocessing = 0; };
E2AA269EB967A8853A258BFA = { isa = PBXFrameworksBuildPhase; buildActionMask = 2147483647; files = (); runOnlyForDeploymentPostprocessing = 0; };
41D311A605520FC7B8B9A980 = { isa = PBXResourcesBuildPhase; buildActionMask = 2147483647; files = (F616EC026A9388933F110D25,0668FA20CB7145DC49A06703,); runOnlyForDeploymentPostprocessing = 0; };
73EBF6644258C120893E685D = { isa = XCBuildConfiguration; buildSettings = { "SDKROOT" = "iphoneos"; "IPHONEOS_DEPLOYMENT_TARGET" = "17.0"; "CLANG_ENABLE_MODULES" = "YES"; "SWIFT_VERSION" = "5.0"; "SWIFT_STRICT_CONCURRENCY" = "targeted"; "ENABLE_USER_SCRIPT_SANDBOXING" = "YES"; "SWIFT_OPTIMIZATION_LEVEL" = "-Onone"; "SWIFT_ACTIVE_COMPILATION_CONDITIONS" = "DEBUG"; "ENABLE_TESTABILITY" = "YES"; "DEBUG_INFORMATION_FORMAT" = "dwarf"; }; name = Debug; };
B00CCDD09424E369308D67FA = { isa = XCBuildConfiguration; buildSettings = { "PRODUCT_NAME" = "$(TARGET_NAME)"; "PRODUCT_BUNDLE_IDENTIFIER" = "com.grape.MotionCam"; "INFOPLIST_FILE" = "App/Resources/Info.plist"; "GENERATE_INFOPLIST_FILE" = "NO"; "TARGETED_DEVICE_FAMILY" = "1"; "SUPPORTED_PLATFORMS" = "iphoneos iphonesimulator"; "SUPPORTS_MACCATALYST" = "NO"; "SUPPORTS_MAC_DESIGNED_FOR_IPHONE_IPAD" = "NO"; "MARKETING_VERSION" = "0.7.0"; "CURRENT_PROJECT_VERSION" = "16"; "CODE_SIGN_STYLE" = "Automatic"; "DEVELOPMENT_TEAM" = "F2LVFHW3ZH"; "LD_RUNPATH_SEARCH_PATHS" = "$(inherited) @executable_path/Frameworks"; "ARCHS" = "arm64"; "SWIFT_OBJC_BRIDGING_HEADER" = "App/MotionCam-Bridging-Header.h"; "HEADER_SEARCH_PATHS" = "$(inherited) $(SRCROOT)/Engine/include"; "GYROFLOW_STATIC_LIBRARY[sdk=iphoneos*]" = "$(SRCROOT)/Engine/target/aarch64-apple-ios/release/libmotioncam_gyroflow.a"; "GYROFLOW_STATIC_LIBRARY[sdk=iphonesimulator*]" = "$(SRCROOT)/Engine/target/aarch64-apple-ios-sim/release/libmotioncam_gyroflow.a"; "OTHER_LDFLAGS" = "$(inherited) \"$(GYROFLOW_STATIC_LIBRARY)\" -lc++ -liconv -framework Metal -framework QuartzCore -framework Security -framework SystemConfiguration"; }; name = Debug; };
0B0C687DF8B6B8DC790B519C = { isa = XCBuildConfiguration; buildSettings = { "SDKROOT" = "iphoneos"; "IPHONEOS_DEPLOYMENT_TARGET" = "17.0"; "CLANG_ENABLE_MODULES" = "YES"; "SWIFT_VERSION" = "5.0"; "SWIFT_STRICT_CONCURRENCY" = "targeted"; "ENABLE_USER_SCRIPT_SANDBOXING" = "YES"; "SWIFT_OPTIMIZATION_LEVEL" = "-O"; "SWIFT_COMPILATION_MODE" = "wholemodule"; "DEBUG_INFORMATION_FORMAT" = "dwarf-with-dsym"; }; name = Release; };
1B104479E55E37CF8A63CBDF = { isa = XCBuildConfiguration; buildSettings = { "PRODUCT_NAME" = "$(TARGET_NAME)"; "PRODUCT_BUNDLE_IDENTIFIER" = "com.grape.MotionCam"; "INFOPLIST_FILE" = "App/Resources/Info.plist"; "GENERATE_INFOPLIST_FILE" = "NO"; "TARGETED_DEVICE_FAMILY" = "1"; "SUPPORTED_PLATFORMS" = "iphoneos iphonesimulator"; "SUPPORTS_MACCATALYST" = "NO"; "SUPPORTS_MAC_DESIGNED_FOR_IPHONE_IPAD" = "NO"; "MARKETING_VERSION" = "0.7.0"; "CURRENT_PROJECT_VERSION" = "16"; "CODE_SIGN_STYLE" = "Automatic"; "DEVELOPMENT_TEAM" = "F2LVFHW3ZH"; "LD_RUNPATH_SEARCH_PATHS" = "$(inherited) @executable_path/Frameworks"; "ARCHS" = "arm64"; "SWIFT_OBJC_BRIDGING_HEADER" = "App/MotionCam-Bridging-Header.h"; "HEADER_SEARCH_PATHS" = "$(inherited) $(SRCROOT)/Engine/include"; "GYROFLOW_STATIC_LIBRARY[sdk=iphoneos*]" = "$(SRCROOT)/Engine/target/aarch64-apple-ios/release/libmotioncam_gyroflow.a"; "GYROFLOW_STATIC_LIBRARY[sdk=iphonesimulator*]" = "$(SRCROOT)/Engine/target/aarch64-apple-ios-sim/release/libmotioncam_gyroflow.a"; "OTHER_LDFLAGS" = "$(inherited) \"$(GYROFLOW_STATIC_LIBRARY)\" -lc++ -liconv -framework Metal -framework QuartzCore -framework Security -framework SystemConfiguration"; }; name = Release; };
76F8DEC3DFE0BDB465198890 = { isa = XCConfigurationList; buildConfigurations = (73EBF6644258C120893E685D,0B0C687DF8B6B8DC790B519C,); defaultConfigurationIsVisible = 0; defaultConfigurationName = Release; };
06CB67C35A91E16DBD17B949 = { isa = XCConfigurationList; buildConfigurations = (B00CCDD09424E369308D67FA,1B104479E55E37CF8A63CBDF,); defaultConfigurationIsVisible = 0; defaultConfigurationName = Release; };
34A04005BCAF206EEC990BD9 = { isa = PBXNativeTarget; buildConfigurationList = 06CB67C35A91E16DBD17B949; buildPhases = (878A52FC5FF6A57D50B7B870,E2AA269EB967A8853A258BFA,41D311A605520FC7B8B9A980,); buildRules = (); dependencies = (); name = MotionCam; productName = MotionCam; productReference = A8792157CB4F27FB949C035F; productType = "com.apple.product-type.application"; };
244210E48437B6556980A702 = { isa = PBXProject; attributes = { LastUpgradeCheck = 2630; }; buildConfigurationList = 76F8DEC3DFE0BDB465198890; compatibilityVersion = "Xcode 14.0"; developmentRegion = en; knownRegions = (en, Base, "zh-Hans",); mainGroup = AD936FCBED631FA67E05C3EA; productRefGroup = 0A3E27B8CA818264D75C8D81; projectDirPath = ""; projectRoot = ""; targets = (34A04005BCAF206EEC990BD9,); };
}; rootObject = 244210E48437B6556980A702; }
